
Microsoft Visual Studio Solution File, Format Version 12.00
# Visual Studio Version 16
VisualStudioVersion = 16.0.29728.190
MinimumVisualStudioVersion = 10.0.40219.1
Project("{FAE04EC0-301F-11D3-BF4B-00C04F79EFBC}") = "namespace", "namespace\namespace.csproj", "{335B2B01-8D75-4C4F-96D0-1E5FD33804E0}"
EndProject
Global
	GlobalSection(SolutionConfigurationPlatforms) = preSolution
		Debug|Any CPU = Debug|Any CPU
		Release|Any CPU = Release|Any CPU
	EndGlobalSection
	GlobalSection(ProjectConfigurationPlatforms) = postSolution
		{335B2B01-8D75-4C4F-96D0-1E5FD33804E0}.Debug|Any CPU.ActiveCfg = Debug|Any CPU
		{335B2B01-8D75-4C4F-96D0-1E5FD33804E0}.Debug|Any CPU.Build.0 = Debug|Any CPU
		{335B2B01-8D75-4C4F-96D0-1E5FD33804E0}.Release|Any CPU.ActiveCfg = Release|Any CPU
		{335B2B01-8D75-4C4F-96D0-1E5FD33804E0}.Release|Any CPU.Build.0 = Release|Any CPU
	EndGlobalSection
	GlobalSection(SolutionProperties) = preSolution
		HideSolutionNode = FALSE
	EndGlobalSection
	GlobalSection(ExtensibilityGlobals) = postSolution
		SolutionGuid = {C1CC61C9-2EAC-4DEC-8DA8-73B8533FCB5E}
	EndGlobalSection
EndGlobal
