
Microsoft Visual Studio Solution File, Format Version 12.00
# Visual Studio Version 16
VisualStudioVersion = 16.0.29728.190
MinimumVisualStudioVersion = 10.0.40219.1
Project("{FAE04EC0-301F-11D3-BF4B-00C04F79EFBC}") = "Cadenas", "Cadenas\Cadenas.csproj", "{7D26FB92-B206-459A-8171-43335E95774A}"
EndProject
Global
	GlobalSection(SolutionConfigurationPlatforms) = preSolution
		Debug|Any CPU = Debug|Any CPU
		Release|Any CPU = Release|Any CPU
	EndGlobalSection
	GlobalSection(ProjectConfigurationPlatforms) = postSolution
		{7D26FB92-B206-459A-8171-43335E95774A}.Debug|Any CPU.ActiveCfg = Debug|Any CPU
		{7D26FB92-B206-459A-8171-43335E95774A}.Debug|Any CPU.Build.0 = Debug|Any CPU
		{7D26FB92-B206-459A-8171-43335E95774A}.Release|Any CPU.ActiveCfg = Release|Any CPU
		{7D26FB92-B206-459A-8171-43335E95774A}.Release|Any CPU.Build.0 = Release|Any CPU
	EndGlobalSection
	GlobalSection(SolutionProperties) = preSolution
		HideSolutionNode = FALSE
	EndGlobalSection
	GlobalSection(ExtensibilityGlobals) = postSolution
		SolutionGuid = {C1A08050-54D2-4738-9C2E-267261745919}
	EndGlobalSection
EndGlobal
