
Microsoft Visual Studio Solution File, Format Version 12.00
# Visual Studio Version 16
VisualStudioVersion = 16.0.29728.190
MinimumVisualStudioVersion = 10.0.40219.1
Project("{FAE04EC0-301F-11D3-BF4B-00C04F79EFBC}") = "Login", "Login\Login.csproj", "{4A7D3A30-AA56-46E6-88C9-C7627B5A7113}"
EndProject
Global
	GlobalSection(SolutionConfigurationPlatforms) = preSolution
		Debug|Any CPU = Debug|Any CPU
		Release|Any CPU = Release|Any CPU
	EndGlobalSection
	GlobalSection(ProjectConfigurationPlatforms) = postSolution
		{4A7D3A30-AA56-46E6-88C9-C7627B5A7113}.Debug|Any CPU.ActiveCfg = Debug|Any CPU
		{4A7D3A30-AA56-46E6-88C9-C7627B5A7113}.Debug|Any CPU.Build.0 = Debug|Any CPU
		{4A7D3A30-AA56-46E6-88C9-C7627B5A7113}.Release|Any CPU.ActiveCfg = Release|Any CPU
		{4A7D3A30-AA56-46E6-88C9-C7627B5A7113}.Release|Any CPU.Build.0 = Release|Any CPU
	EndGlobalSection
	GlobalSection(SolutionProperties) = preSolution
		HideSolutionNode = FALSE
	EndGlobalSection
	GlobalSection(ExtensibilityGlobals) = postSolution
		SolutionGuid = {D551F5ED-16CA-4711-A504-1EFED16AEF46}
	EndGlobalSection
EndGlobal
