
Microsoft Visual Studio Solution File, Format Version 12.00
# Visual Studio Version 16
VisualStudioVersion = 16.0.29728.190
MinimumVisualStudioVersion = 10.0.40219.1
Project("{FAE04EC0-301F-11D3-BF4B-00C04F79EFBC}") = "Clase2", "Clase2\Clase2.csproj", "{3AAEA7C0-5A9A-4790-B50E-0E3E9B1F28F7}"
EndProject
Global
	GlobalSection(SolutionConfigurationPlatforms) = preSolution
		Debug|Any CPU = Debug|Any CPU
		Release|Any CPU = Release|Any CPU
	EndGlobalSection
	GlobalSection(ProjectConfigurationPlatforms) = postSolution
		{3AAEA7C0-5A9A-4790-B50E-0E3E9B1F28F7}.Debug|Any CPU.ActiveCfg = Debug|Any CPU
		{3AAEA7C0-5A9A-4790-B50E-0E3E9B1F28F7}.Debug|Any CPU.Build.0 = Debug|Any CPU
		{3AAEA7C0-5A9A-4790-B50E-0E3E9B1F28F7}.Release|Any CPU.ActiveCfg = Release|Any CPU
		{3AAEA7C0-5A9A-4790-B50E-0E3E9B1F28F7}.Release|Any CPU.Build.0 = Release|Any CPU
	EndGlobalSection
	GlobalSection(SolutionProperties) = preSolution
		HideSolutionNode = FALSE
	EndGlobalSection
	GlobalSection(ExtensibilityGlobals) = postSolution
		SolutionGuid = {A1895822-3F51-4511-B5DC-1670081E70F9}
	EndGlobalSection
EndGlobal
