
Microsoft Visual Studio Solution File, Format Version 12.00
# Visual Studio Version 16
VisualStudioVersion = 16.0.29728.190
MinimumVisualStudioVersion = 10.0.40219.1
Project("{FAE04EC0-301F-11D3-BF4B-00C04F79EFBC}") = "Menu2", "Menu2\Menu2.csproj", "{B0373519-9F43-4D48-BA0F-C953A1516052}"
EndProject
Global
	GlobalSection(SolutionConfigurationPlatforms) = preSolution
		Debug|Any CPU = Debug|Any CPU
		Release|Any CPU = Release|Any CPU
	EndGlobalSection
	GlobalSection(ProjectConfigurationPlatforms) = postSolution
		{B0373519-9F43-4D48-BA0F-C953A1516052}.Debug|Any CPU.ActiveCfg = Debug|Any CPU
		{B0373519-9F43-4D48-BA0F-C953A1516052}.Debug|Any CPU.Build.0 = Debug|Any CPU
		{B0373519-9F43-4D48-BA0F-C953A1516052}.Release|Any CPU.ActiveCfg = Release|Any CPU
		{B0373519-9F43-4D48-BA0F-C953A1516052}.Release|Any CPU.Build.0 = Release|Any CPU
	EndGlobalSection
	GlobalSection(SolutionProperties) = preSolution
		HideSolutionNode = FALSE
	EndGlobalSection
	GlobalSection(ExtensibilityGlobals) = postSolution
		SolutionGuid = {9DBBF84D-282E-4AFE-BA77-58A3E3E78679}
	EndGlobalSection
EndGlobal
