
Microsoft Visual Studio Solution File, Format Version 12.00
# Visual Studio Version 16
VisualStudioVersion = 16.0.29728.190
MinimumVisualStudioVersion = 10.0.40219.1
Project("{FAE04EC0-301F-11D3-BF4B-00C04F79EFBC}") = "NumerosCSharp", "NumerosCSharp\NumerosCSharp.csproj", "{83CAF312-F64B-4E51-B7BF-F8474C33484D}"
EndProject
Global
	GlobalSection(SolutionConfigurationPlatforms) = preSolution
		Debug|Any CPU = Debug|Any CPU
		Release|Any CPU = Release|Any CPU
	EndGlobalSection
	GlobalSection(ProjectConfigurationPlatforms) = postSolution
		{83CAF312-F64B-4E51-B7BF-F8474C33484D}.Debug|Any CPU.ActiveCfg = Debug|Any CPU
		{83CAF312-F64B-4E51-B7BF-F8474C33484D}.Debug|Any CPU.Build.0 = Debug|Any CPU
		{83CAF312-F64B-4E51-B7BF-F8474C33484D}.Release|Any CPU.ActiveCfg = Release|Any CPU
		{83CAF312-F64B-4E51-B7BF-F8474C33484D}.Release|Any CPU.Build.0 = Release|Any CPU
	EndGlobalSection
	GlobalSection(SolutionProperties) = preSolution
		HideSolutionNode = FALSE
	EndGlobalSection
	GlobalSection(ExtensibilityGlobals) = postSolution
		SolutionGuid = {BDAA4022-CA3B-4FD4-9E81-D9FF597FD55F}
	EndGlobalSection
EndGlobal
