
Microsoft Visual Studio Solution File, Format Version 12.00
# Visual Studio Version 16
VisualStudioVersion = 16.0.29728.190
MinimumVisualStudioVersion = 10.0.40219.1
Project("{FAE04EC0-301F-11D3-BF4B-00C04F79EFBC}") = "Clase1", "Clase1\Clase1.csproj", "{8EA3278D-9283-4146-A879-031192955DF3}"
EndProject
Global
	GlobalSection(SolutionConfigurationPlatforms) = preSolution
		Debug|Any CPU = Debug|Any CPU
		Release|Any CPU = Release|Any CPU
	EndGlobalSection
	GlobalSection(ProjectConfigurationPlatforms) = postSolution
		{8EA3278D-9283-4146-A879-031192955DF3}.Debug|Any CPU.ActiveCfg = Debug|Any CPU
		{8EA3278D-9283-4146-A879-031192955DF3}.Debug|Any CPU.Build.0 = Debug|Any CPU
		{8EA3278D-9283-4146-A879-031192955DF3}.Release|Any CPU.ActiveCfg = Release|Any CPU
		{8EA3278D-9283-4146-A879-031192955DF3}.Release|Any CPU.Build.0 = Release|Any CPU
	EndGlobalSection
	GlobalSection(SolutionProperties) = preSolution
		HideSolutionNode = FALSE
	EndGlobalSection
	GlobalSection(ExtensibilityGlobals) = postSolution
		SolutionGuid = {3D42EBC5-8FF4-4B94-9648-E828D6309413}
	EndGlobalSection
EndGlobal
