
Microsoft Visual Studio Solution File, Format Version 12.00
# Visual Studio Version 16
VisualStudioVersion = 16.0.29728.190
MinimumVisualStudioVersion = 10.0.40219.1
Project("{FAE04EC0-301F-11D3-BF4B-00C04F79EFBC}") = "Tarea4", "Tarea4\Tarea4.csproj", "{5DF47928-B5C5-4593-8B62-09613C804313}"
EndProject
Global
	GlobalSection(SolutionConfigurationPlatforms) = preSolution
		Debug|Any CPU = Debug|Any CPU
		Release|Any CPU = Release|Any CPU
	EndGlobalSection
	GlobalSection(ProjectConfigurationPlatforms) = postSolution
		{5DF47928-B5C5-4593-8B62-09613C804313}.Debug|Any CPU.ActiveCfg = Debug|Any CPU
		{5DF47928-B5C5-4593-8B62-09613C804313}.Debug|Any CPU.Build.0 = Debug|Any CPU
		{5DF47928-B5C5-4593-8B62-09613C804313}.Release|Any CPU.ActiveCfg = Release|Any CPU
		{5DF47928-B5C5-4593-8B62-09613C804313}.Release|Any CPU.Build.0 = Release|Any CPU
	EndGlobalSection
	GlobalSection(SolutionProperties) = preSolution
		HideSolutionNode = FALSE
	EndGlobalSection
	GlobalSection(ExtensibilityGlobals) = postSolution
		SolutionGuid = {28FFCA44-9047-4115-B750-67A4A888FD17}
	EndGlobalSection
EndGlobal
