
Microsoft Visual Studio Solution File, Format Version 12.00
# Visual Studio Version 16
VisualStudioVersion = 16.0.29728.190
MinimumVisualStudioVersion = 10.0.40219.1
Project("{FAE04EC0-301F-11D3-BF4B-00C04F79EFBC}") = "Programa13", "Programa13\Programa13.csproj", "{A0196E2C-858A-407B-A2A8-95E4E6EF11EE}"
EndProject
Global
	GlobalSection(SolutionConfigurationPlatforms) = preSolution
		Debug|Any CPU = Debug|Any CPU
		Release|Any CPU = Release|Any CPU
	EndGlobalSection
	GlobalSection(ProjectConfigurationPlatforms) = postSolution
		{A0196E2C-858A-407B-A2A8-95E4E6EF11EE}.Debug|Any CPU.ActiveCfg = Debug|Any CPU
		{A0196E2C-858A-407B-A2A8-95E4E6EF11EE}.Debug|Any CPU.Build.0 = Debug|Any CPU
		{A0196E2C-858A-407B-A2A8-95E4E6EF11EE}.Release|Any CPU.ActiveCfg = Release|Any CPU
		{A0196E2C-858A-407B-A2A8-95E4E6EF11EE}.Release|Any CPU.Build.0 = Release|Any CPU
	EndGlobalSection
	GlobalSection(SolutionProperties) = preSolution
		HideSolutionNode = FALSE
	EndGlobalSection
	GlobalSection(ExtensibilityGlobals) = postSolution
		SolutionGuid = {00BA3F79-2DE8-4034-9494-A1A31C63C61C}
	EndGlobalSection
EndGlobal
