
Microsoft Visual Studio Solution File, Format Version 12.00
# Visual Studio Version 16
VisualStudioVersion = 16.0.29728.190
MinimumVisualStudioVersion = 10.0.40219.1
Project("{FAE04EC0-301F-11D3-BF4B-00C04F79EFBC}") = "Tarea2", "Tarea2\Tarea2.csproj", "{A5A49DB2-D2BC-4390-AE95-A3B71AC2D8BD}"
EndProject
Global
	GlobalSection(SolutionConfigurationPlatforms) = preSolution
		Debug|Any CPU = Debug|Any CPU
		Release|Any CPU = Release|Any CPU
	EndGlobalSection
	GlobalSection(ProjectConfigurationPlatforms) = postSolution
		{A5A49DB2-D2BC-4390-AE95-A3B71AC2D8BD}.Debug|Any CPU.ActiveCfg = Debug|Any CPU
		{A5A49DB2-D2BC-4390-AE95-A3B71AC2D8BD}.Debug|Any CPU.Build.0 = Debug|Any CPU
		{A5A49DB2-D2BC-4390-AE95-A3B71AC2D8BD}.Release|Any CPU.ActiveCfg = Release|Any CPU
		{A5A49DB2-D2BC-4390-AE95-A3B71AC2D8BD}.Release|Any CPU.Build.0 = Release|Any CPU
	EndGlobalSection
	GlobalSection(SolutionProperties) = preSolution
		HideSolutionNode = FALSE
	EndGlobalSection
	GlobalSection(ExtensibilityGlobals) = postSolution
		SolutionGuid = {8C024A7A-C6CC-43CC-8783-2019721B4E37}
	EndGlobalSection
EndGlobal
